
Microsoft Visual Studio Solution File, Format Version 12.00
# Visual Studio Version 16
VisualStudioVersion = 16.0.33927.289
MinimumVisualStudioVersion = 10.0.40219.1
Project("{FAE04EC0-301F-11D3-BF4B-00C04F79EFBC}") = "SalesWebMvc10", "SalesWebMvc10\SalesWebMvc10.csproj", "{3B70E3E6-21C3-42F3-90C7-C2CAACF11FFF}"
EndProject
Global
	GlobalSection(SolutionConfigurationPlatforms) = preSolution
		Debug|Any CPU = Debug|Any CPU
		Release|Any CPU = Release|Any CPU
	EndGlobalSection
	GlobalSection(ProjectConfigurationPlatforms) = postSolution
		{3B70E3E6-21C3-42F3-90C7-C2CAACF11FFF}.Debug|Any CPU.ActiveCfg = Debug|Any CPU
		{3B70E3E6-21C3-42F3-90C7-C2CAACF11FFF}.Debug|Any CPU.Build.0 = Debug|Any CPU
		{3B70E3E6-21C3-42F3-90C7-C2CAACF11FFF}.Release|Any CPU.ActiveCfg = Release|Any CPU
		{3B70E3E6-21C3-42F3-90C7-C2CAACF11FFF}.Release|Any CPU.Build.0 = Release|Any CPU
	EndGlobalSection
	GlobalSection(SolutionProperties) = preSolution
		HideSolutionNode = FALSE
	EndGlobalSection
	GlobalSection(ExtensibilityGlobals) = postSolution
		SolutionGuid = {CAEA6F23-BED2-4858-B570-35C8F606090E}
	EndGlobalSection
EndGlobal
